
Microsoft Visual Studio Solution File, Format Version 12.00
# Visual Studio 2013
VisualStudioVersion = 12.0.31101.0
MinimumVisualStudioVersion = 10.0.40219.1
Project("{8BC9CEB8-8B4A-11D0-8D11-00A0C91BC942}") = "SimpleExp", "SimpleExp\SimpleExp.vcxproj", "{A53BD4D3-65C6-4144-8CCD-2972BE8AF252}"
EndProject
Project("{8BC9CEB8-8B4A-11D0-8D11-00A0C91BC942}") = "ClassExp", "ClassExp\ClassExp.vcxproj", "{BD0B1121-EDE9-4944-BAC2-0FE260F79A6A}"
EndProject
Project("{8BC9CEB8-8B4A-11D0-8D11-00A0C91BC942}") = "MyLib", "MyLib\MyLib.vcxproj", "{9B39B59E-B5B8-47F1-B9A5-28120A799A4E}"
EndProject
Project("{8BC9CEB8-8B4A-11D0-8D11-00A0C91BC942}") = "设计模式示例", "设计模式示例\设计模式示例.vcxproj", "{07D919C5-1BBA-4DEA-9096-844543CBCF14}"
EndProject
Global
	GlobalSection(SolutionConfigurationPlatforms) = preSolution
		Debug|Win32 = Debug|Win32
		Release|Win32 = Release|Win32
	EndGlobalSection
	GlobalSection(ProjectConfigurationPlatforms) = postSolution
		{A53BD4D3-65C6-4144-8CCD-2972BE8AF252}.Debug|Win32.ActiveCfg = Debug|Win32
		{A53BD4D3-65C6-4144-8CCD-2972BE8AF252}.Debug|Win32.Build.0 = Debug|Win32
		{A53BD4D3-65C6-4144-8CCD-2972BE8AF252}.Release|Win32.ActiveCfg = Release|Win32
		{A53BD4D3-65C6-4144-8CCD-2972BE8AF252}.Release|Win32.Build.0 = Release|Win32
		{BD0B1121-EDE9-4944-BAC2-0FE260F79A6A}.Debug|Win32.ActiveCfg = Debug|Win32
		{BD0B1121-EDE9-4944-BAC2-0FE260F79A6A}.Debug|Win32.Build.0 = Debug|Win32
		{BD0B1121-EDE9-4944-BAC2-0FE260F79A6A}.Release|Win32.ActiveCfg = Release|Win32
		{BD0B1121-EDE9-4944-BAC2-0FE260F79A6A}.Release|Win32.Build.0 = Release|Win32
		{9B39B59E-B5B8-47F1-B9A5-28120A799A4E}.Debug|Win32.ActiveCfg = Debug|Win32
		{9B39B59E-B5B8-47F1-B9A5-28120A799A4E}.Debug|Win32.Build.0 = Debug|Win32
		{9B39B59E-B5B8-47F1-B9A5-28120A799A4E}.Release|Win32.ActiveCfg = Release|Win32
		{9B39B59E-B5B8-47F1-B9A5-28120A799A4E}.Release|Win32.Build.0 = Release|Win32
		{07D919C5-1BBA-4DEA-9096-844543CBCF14}.Debug|Win32.ActiveCfg = Debug|Win32
		{07D919C5-1BBA-4DEA-9096-844543CBCF14}.Debug|Win32.Build.0 = Debug|Win32
		{07D919C5-1BBA-4DEA-9096-844543CBCF14}.Release|Win32.ActiveCfg = Release|Win32
		{07D919C5-1BBA-4DEA-9096-844543CBCF14}.Release|Win32.Build.0 = Release|Win32
	EndGlobalSection
	GlobalSection(SolutionProperties) = preSolution
		HideSolutionNode = FALSE
	EndGlobalSection
EndGlobal
